
Microsoft Visual Studio Solution File, Format Version 12.00
# Visual Studio Version 17
VisualStudioVersion = 17.13.35931.197 d17.13
MinimumVisualStudioVersion = 10.0.40219.1
Project("{FAE04EC0-301F-11D3-BF4B-00C04F79EFBC}") = "Playfair_RSA", "Playfair_RSA\Playfair_RSA.csproj", "{B8452DF0-7243-486E-9A0A-F6265B69A344}"
EndProject
Global
	GlobalSection(SolutionConfigurationPlatforms) = preSolution
		Debug|Any CPU = Debug|Any CPU
		Release|Any CPU = Release|Any CPU
	EndGlobalSection
	GlobalSection(ProjectConfigurationPlatforms) = postSolution
		{B8452DF0-7243-486E-9A0A-F6265B69A344}.Debug|Any CPU.ActiveCfg = Debug|Any CPU
		{B8452DF0-7243-486E-9A0A-F6265B69A344}.Debug|Any CPU.Build.0 = Debug|Any CPU
		{B8452DF0-7243-486E-9A0A-F6265B69A344}.Release|Any CPU.ActiveCfg = Release|Any CPU
		{B8452DF0-7243-486E-9A0A-F6265B69A344}.Release|Any CPU.Build.0 = Release|Any CPU
	EndGlobalSection
	GlobalSection(SolutionProperties) = preSolution
		HideSolutionNode = FALSE
	EndGlobalSection
	GlobalSection(ExtensibilityGlobals) = postSolution
		SolutionGuid = {499D198E-0EB7-4A2A-AA11-102F646A28DD}
	EndGlobalSection
EndGlobal
